PODS:
  - Alamofire (4.5.0)
  - CryptoSwift (0.6.9)
  - SwiftKeychainWrapper (3.0.1)

DEPENDENCIES:
  - Alamofire
  - CryptoSwift
  - SwiftKeychainWrapper

SPEC CHECKSUMS:
  Alamofire: f28cdffd29de33a7bfa022cbd63ae95a27fae140
  CryptoSwift: a22f6ba238e9ce4d26ee7bf45b9ed82e7122d4a0
  SwiftKeychainWrapper: 38952a3636320ae61bad3513cadd870929de7a4a

PODFILE CHECKSUM: 9c64d543ff332209ef1c3dc5af9625df3dda09e6

COCOAPODS: 1.2.0
